
Microsoft Visual Studio Solution File, Format Version 12.00
# Visual Studio Version 16
VisualStudioVersion = 16.0.29609.76
MinimumVisualStudioVersion = 10.0.40219.1
Project("{9A19103F-16F7-4668-BE54-9A1E7A4F7556}") = "Grocery", "Grocery\Grocery.csproj", "{146C2033-2614-4C7A-8A1C-CAEA47E61BA9}"
EndProject
Project("{9A19103F-16F7-4668-BE54-9A1E7A4F7556}") = "Model", "Model\Model.csproj", "{6B461C08-4AAB-4CFD-A447-FCF4AF01D04C}"
EndProject
Project("{9A19103F-16F7-4668-BE54-9A1E7A4F7556}") = "Repository", "Repository\Repository.csproj", "{C979A3BB-D2D4-4329-B96D-E25BF12334EF}"
EndProject
Project("{9A19103F-16F7-4668-BE54-9A1E7A4F7556}") = "PointOfSale.Services", "PointOfSale.Services\PointOfSale.Services.csproj", "{D673B17D-F75A-4FF4-BA6B-A462F301506A}"
EndProject
Project("{9A19103F-16F7-4668-BE54-9A1E7A4F7556}") = "PointOfSale.UnitTests", "PointOfSale.UnitTests\PointOfSale.UnitTests.csproj", "{55900416-3C49-4789-926B-DCFC8F6E95E0}"
EndProject
Global
	GlobalSection(SolutionConfigurationPlatforms) = preSolution
		Debug|Any CPU = Debug|Any CPU
		Release|Any CPU = Release|Any CPU
	EndGlobalSection
	GlobalSection(ProjectConfigurationPlatforms) = postSolution
		{146C2033-2614-4C7A-8A1C-CAEA47E61BA9}.Debug|Any CPU.ActiveCfg = Debug|Any CPU
		{146C2033-2614-4C7A-8A1C-CAEA47E61BA9}.Debug|Any CPU.Build.0 = Debug|Any CPU
		{146C2033-2614-4C7A-8A1C-CAEA47E61BA9}.Release|Any CPU.ActiveCfg = Release|Any CPU
		{146C2033-2614-4C7A-8A1C-CAEA47E61BA9}.Release|Any CPU.Build.0 = Release|Any CPU
		{6B461C08-4AAB-4CFD-A447-FCF4AF01D04C}.Debug|Any CPU.ActiveCfg = Debug|Any CPU
		{6B461C08-4AAB-4CFD-A447-FCF4AF01D04C}.Debug|Any CPU.Build.0 = Debug|Any CPU
		{6B461C08-4AAB-4CFD-A447-FCF4AF01D04C}.Release|Any CPU.ActiveCfg = Release|Any CPU
		{6B461C08-4AAB-4CFD-A447-FCF4AF01D04C}.Release|Any CPU.Build.0 = Release|Any CPU
		{C979A3BB-D2D4-4329-B96D-E25BF12334EF}.Debug|Any CPU.ActiveCfg = Debug|Any CPU
		{C979A3BB-D2D4-4329-B96D-E25BF12334EF}.Debug|Any CPU.Build.0 = Debug|Any CPU
		{C979A3BB-D2D4-4329-B96D-E25BF12334EF}.Release|Any CPU.ActiveCfg = Release|Any CPU
		{C979A3BB-D2D4-4329-B96D-E25BF12334EF}.Release|Any CPU.Build.0 = Release|Any CPU
		{D673B17D-F75A-4FF4-BA6B-A462F301506A}.Debug|Any CPU.ActiveCfg = Debug|Any CPU
		{D673B17D-F75A-4FF4-BA6B-A462F301506A}.Debug|Any CPU.Build.0 = Debug|Any CPU
		{D673B17D-F75A-4FF4-BA6B-A462F301506A}.Release|Any CPU.ActiveCfg = Release|Any CPU
		{D673B17D-F75A-4FF4-BA6B-A462F301506A}.Release|Any CPU.Build.0 = Release|Any CPU
		{55900416-3C49-4789-926B-DCFC8F6E95E0}.Debug|Any CPU.ActiveCfg = Debug|Any CPU
		{55900416-3C49-4789-926B-DCFC8F6E95E0}.Debug|Any CPU.Build.0 = Debug|Any CPU
		{55900416-3C49-4789-926B-DCFC8F6E95E0}.Release|Any CPU.ActiveCfg = Release|Any CPU
		{55900416-3C49-4789-926B-DCFC8F6E95E0}.Release|Any CPU.Build.0 = Release|Any CPU
	EndGlobalSection
	GlobalSection(SolutionProperties) = preSolution
		HideSolutionNode = FALSE
	EndGlobalSection
	GlobalSection(ExtensibilityGlobals) = postSolution
		SolutionGuid = {A83C920D-C73B-488C-96C4-DB48D6541142}
	EndGlobalSection
EndGlobal
